Microsoft Visual Studio Solution File, Format Version 12.00
# Visual Studio 2015
Project("{8BC9CEB8-8B4A-11D0-8D11-00A0C91BC942}") = "qcefclient", "G:/coding/QtCef/qcefclient\qcefclient.vcxproj", "{3D4D0B1F-F38B-323D-A79B-B03D51CD40ED}"
EndProject
Project("{8BC9CEB8-8B4A-11D0-8D11-00A0C91BC942}") = "qcefwebbrowser", "G:/coding/QtCef/qcefwebbrowser\qcefwebbrowser.vcxproj", "{50560233-3707-38DE-A1FA-D70EBD6F24FD}"
EndProject
Project("{8BC9CEB8-8B4A-11D0-8D11-00A0C91BC942}") = "exampleapp", "G:/coding/QtCef/exampleapp\exampleapp.vcxproj", "{38F082E2-2029-375E-86C0-A3EB74B3897A}"
EndProject
Global
	GlobalSection(SolutionConfiguration) = preSolution
		ConfigName.0 = Debug|Win32
		ConfigName.1 = Release|Win32
	EndGlobalSection
	GlobalSection(ProjectDependencies) = postSolution
		{38F082E2-2029-375E-86C0-A3EB74B3897A}.0 = {3D4D0B1F-F38B-323D-A79B-B03D51CD40ED}
	EndGlobalSection
	GlobalSection(ProjectConfiguration) = postSolution
		{3D4D0B1F-F38B-323D-A79B-B03D51CD40ED}.Debug|Win32.ActiveCfg = Debug|Win32
		{3D4D0B1F-F38B-323D-A79B-B03D51CD40ED}.Debug|Win32.Build.0 = Debug|Win32
		{3D4D0B1F-F38B-323D-A79B-B03D51CD40ED}.Release|Win32.ActiveCfg = Release|Win32
		{3D4D0B1F-F38B-323D-A79B-B03D51CD40ED}.Release|Win32.Build.0 = Release|Win32
		{50560233-3707-38DE-A1FA-D70EBD6F24FD}.Debug|Win32.ActiveCfg = Debug|Win32
		{50560233-3707-38DE-A1FA-D70EBD6F24FD}.Debug|Win32.Build.0 = Debug|Win32
		{50560233-3707-38DE-A1FA-D70EBD6F24FD}.Release|Win32.ActiveCfg = Release|Win32
		{50560233-3707-38DE-A1FA-D70EBD6F24FD}.Release|Win32.Build.0 = Release|Win32
		{38F082E2-2029-375E-86C0-A3EB74B3897A}.Debug|Win32.ActiveCfg = Debug|Win32
		{38F082E2-2029-375E-86C0-A3EB74B3897A}.Debug|Win32.Build.0 = Debug|Win32
		{38F082E2-2029-375E-86C0-A3EB74B3897A}.Release|Win32.ActiveCfg = Release|Win32
		{38F082E2-2029-375E-86C0-A3EB74B3897A}.Release|Win32.Build.0 = Release|Win32
	EndGlobalSection
	GlobalSection(ExtensibilityGlobals) = postSolution
	EndGlobalSection
	GlobalSection(ExtensibilityAddIns) = postSolution
	EndGlobalSection
EndGlobal